
Microsoft Visual Studio Solution File, Format Version 12.00
# Visual Studio Version 16
VisualStudioVersion = 16.0.30523.141
MinimumVisualStudioVersion = 10.0.40219.1
Project("{FAE04EC0-301F-11D3-BF4B-00C04F79EFBC}") = "Lab1_Stack", "Lab1_Stack\Lab1_Stack.csproj", "{74B48A00-5BEC-4178-8B76-FAAF2BC3F43A}"
EndProject
Project("{FAE04EC0-301F-11D3-BF4B-00C04F79EFBC}") = "Lab1_Program", "Lab1_Program\Lab1_Program.csproj", "{515FDD2E-5E75-4512-B2CB-C73606C6503A}"
EndProject
Project("{FAE04EC0-301F-11D3-BF4B-00C04F79EFBC}") = "NUnitStackTests", "NUnitStackTests\NUnitStackTests.csproj", "{349838C2-97F7-4539-A791-C6FF905F4150}"
EndProject
Global
	GlobalSection(SolutionConfigurationPlatforms) = preSolution
		Debug|Any CPU = Debug|Any CPU
		Release|Any CPU = Release|Any CPU
	EndGlobalSection
	GlobalSection(ProjectConfigurationPlatforms) = postSolution
		{74B48A00-5BEC-4178-8B76-FAAF2BC3F43A}.Debug|Any CPU.ActiveCfg = Debug|Any CPU
		{74B48A00-5BEC-4178-8B76-FAAF2BC3F43A}.Debug|Any CPU.Build.0 = Debug|Any CPU
		{74B48A00-5BEC-4178-8B76-FAAF2BC3F43A}.Release|Any CPU.ActiveCfg = Release|Any CPU
		{74B48A00-5BEC-4178-8B76-FAAF2BC3F43A}.Release|Any CPU.Build.0 = Release|Any CPU
		{515FDD2E-5E75-4512-B2CB-C73606C6503A}.Debug|Any CPU.ActiveCfg = Debug|Any CPU
		{515FDD2E-5E75-4512-B2CB-C73606C6503A}.Debug|Any CPU.Build.0 = Debug|Any CPU
		{515FDD2E-5E75-4512-B2CB-C73606C6503A}.Release|Any CPU.ActiveCfg = Release|Any CPU
		{515FDD2E-5E75-4512-B2CB-C73606C6503A}.Release|Any CPU.Build.0 = Release|Any CPU
		{349838C2-97F7-4539-A791-C6FF905F4150}.Debug|Any CPU.ActiveCfg = Debug|Any CPU
		{349838C2-97F7-4539-A791-C6FF905F4150}.Debug|Any CPU.Build.0 = Debug|Any CPU
		{349838C2-97F7-4539-A791-C6FF905F4150}.Release|Any CPU.ActiveCfg = Release|Any CPU
		{349838C2-97F7-4539-A791-C6FF905F4150}.Release|Any CPU.Build.0 = Release|Any CPU
	EndGlobalSection
	GlobalSection(SolutionProperties) = preSolution
		HideSolutionNode = FALSE
	EndGlobalSection
	GlobalSection(ExtensibilityGlobals) = postSolution
		SolutionGuid = {18751007-7E5D-4E3F-9269-D773BF354DBE}
	EndGlobalSection
EndGlobal
